// !$*UTF8*$!
{
	archiveVersion = 1;
	classes = {
	};
	objectVersion = 55;
	objects = {

/* Begin PBXBuildFile section */
		C815A2BA27FEC82C000A9F4A /* shortcutCodingChallengeApp.swift in Sources */ = {isa = PBXBuildFile; fileRef = C815A2B927FEC82C000A9F4A /* shortcutCodingChallengeApp.swift */; };
		C815A2BC27FEC82C000A9F4A /* ComicViewModel.swift in Sources */ = {isa = PBXBuildFile; fileRef = C815A2BB27FEC82C000A9F4A /* ComicViewModel.swift */; };
		C815A2BE27FEC82E000A9F4A /* Assets.xcassets in Resources */ = {isa = PBXBuildFile; fileRef = C815A2BD27FEC82E000A9F4A /* Assets.xcassets */; };
		C815A2C127FEC82E000A9F4A /* Preview Assets.xcassets in Resources */ = {isa = PBXBuildFile; fileRef = C815A2C027FEC82E000A9F4A /* Preview Assets.xcassets */; };
		C815A2CB27FECA5B000A9F4A /* Comic.swift in Sources */ = {isa = PBXBuildFile; fileRef = C815A2CA27FECA5B000A9F4A /* Comic.swift */; };
		C815A2CD27FECBCD000A9F4A /* APIManager.swift in Sources */ = {isa = PBXBuildFile; fileRef = C815A2CC27FECBCD000A9F4A /* APIManager.swift */; };
		C815A2CF27FEEE65000A9F4A /* DetailsSheetView.swift in Sources */ = {isa = PBXBuildFile; fileRef = C815A2CE27FEEE65000A9F4A /* DetailsSheetView.swift */; };
		C815A2D127FEF114000A9F4A /* ComicBasicView.swift in Sources */ = {isa = PBXBuildFile; fileRef = C815A2D027FEF113000A9F4A /* ComicBasicView.swift */; };
		C815A2D527FF13F4000A9F4A /* Buttons.swift in Sources */ = {isa = PBXBuildFile; fileRef = C815A2D427FF13F4000A9F4A /* Buttons.swift */; };
		C815A2D727FF1E7B000A9F4A /* Colors.swift in Sources */ = {isa = PBXBuildFile; fileRef = C815A2D627FF1E7B000A9F4A /* Colors.swift */; };
		C815A2DD2801793E000A9F4A /* ComicModel.xcdatamodeld in Sources */ = {isa = PBXBuildFile; fileRef = C815A2DB2801793E000A9F4A /* ComicModel.xcdatamodeld */; };
		C815A2DF28017979000A9F4A /* DataController.swift in Sources */ = {isa = PBXBuildFile; fileRef = C815A2DE28017979000A9F4A /* DataController.swift */; };
		C815A2E1280190B7000A9F4A /* FavoritesListView.swift in Sources */ = {isa = PBXBuildFile; fileRef = C815A2E0280190B7000A9F4A /* FavoritesListView.swift */; };
		C815A2E32801A38D000A9F4A /* FavoriteDetailView.swift in Sources */ = {isa = PBXBuildFile; fileRef = C815A2E22801A38D000A9F4A /* FavoriteDetailView.swift */; };
		C815A2ED28045CA1000A9F4A /* LocalFileManager.swift in Sources */ = {isa = PBXBuildFile; fileRef = C815A2EC28045CA1000A9F4A /* LocalFileManager.swift */; };
		C815A2EF2805560A000A9F4A /* LocalFileManagerViewModel.swift in Sources */ = {isa = PBXBuildFile; fileRef = C815A2EE2805560A000A9F4A /* LocalFileManagerViewModel.swift */; };
		C839A6B92814102D001E95CE /* PinchZoomView.swift in Sources */ = {isa = PBXBuildFile; fileRef = C839A6B82814102D001E95CE /* PinchZoomView.swift */; };
		C83DF400281926790042226F /* ContentView.swift in Sources */ = {isa = PBXBuildFile; fileRef = C83DF3FF281926790042226F /* ContentView.swift */; };
/* End PBXBuildFile section */

/* Begin PBXFileReference section */
		C815A2B627FEC82C000A9F4A /* shortcutCodingChallenge.app */ = {isa = PBXFileReference; explicitFileType = wrapper.application; includeInIndex = 0; path = shortcutCodingChallenge.app; sourceTree = BUILT_PRODUCTS_DIR; };
		C815A2B927FEC82C000A9F4A /* shortcutCodingChallengeApp.swift */ = {isa = PBXFileReference; lastKnownFileType = sourcecode.swift; path = shortcutCodingChallengeApp.swift; sourceTree = "<group>"; };
		C815A2BB27FEC82C000A9F4A /* ComicViewModel.swift */ = {isa = PBXFileReference; lastKnownFileType = sourcecode.swift; path = ComicViewModel.swift; sourceTree = "<group>"; };
		C815A2BD27FEC82E000A9F4A /* Assets.xcassets */ = {isa = PBXFileReference; lastKnownFileType = folder.assetcatalog; path = Assets.xcassets; sourceTree = "<group>"; };
		C815A2C027FEC82E000A9F4A /* Preview Assets.xcassets */ = {isa = PBXFileReference; lastKnownFileType = folder.assetcatalog; path = "Preview Assets.xcassets"; sourceTree = "<group>"; };
		C815A2CA27FECA5B000A9F4A /* Comic.swift */ = {isa = PBXFileReference; lastKnownFileType = sourcecode.swift; path = Comic.swift; sourceTree = "<group>"; };
		C815A2CC27FECBCD000A9F4A /* APIManager.swift */ = {isa = PBXFileReference; lastKnownFileType = sourcecode.swift; path = APIManager.swift; sourceTree = "<group>"; };
		C815A2CE27FEEE65000A9F4A /* DetailsSheetView.swift */ = {isa = PBXFileReference; lastKnownFileType = sourcecode.swift; path = DetailsSheetView.swift; sourceTree = "<group>"; };
		C815A2D027FEF113000A9F4A /* ComicBasicView.swift */ = {isa = PBXFileReference; lastKnownFileType = sourcecode.swift; path = ComicBasicView.swift; sourceTree = "<group>"; };
		C815A2D427FF13F4000A9F4A /* Buttons.swift */ = {isa = PBXFileReference; lastKnownFileType = sourcecode.swift; path = Buttons.swift; sourceTree = "<group>"; };
		C815A2D627FF1E7B000A9F4A /* Colors.swift */ = {isa = PBXFileReference; lastKnownFileType = sourcecode.swift; path = Colors.swift; sourceTree = "<group>"; };
		C815A2DC2801793E000A9F4A /* ComicModel.xcdatamodel */ = {isa = PBXFileReference; lastKnownFileType = wrapper.xcdatamodel; path = ComicModel.xcdatamodel; sourceTree = "<group>"; };
		C815A2DE28017979000A9F4A /* DataController.swift */ = {isa = PBXFileReference; lastKnownFileType = sourcecode.swift; path = DataController.swift; sourceTree = "<group>"; };
		C815A2E0280190B7000A9F4A /* FavoritesListView.swift */ = {isa = PBXFileReference; lastKnownFileType = sourcecode.swift; path = FavoritesListView.swift; sourceTree = "<group>"; };
		C815A2E22801A38D000A9F4A /* FavoriteDetailView.swift */ = {isa = PBXFileReference; lastKnownFileType = sourcecode.swift; path = FavoriteDetailView.swift; sourceTree = "<group>"; };
		C815A2EC28045CA1000A9F4A /* LocalFileManager.swift */ = {isa = PBXFileReference; lastKnownFileType = sourcecode.swift; path = LocalFileManager.swift; sourceTree = "<group>"; };
		C815A2EE2805560A000A9F4A /* LocalFileManagerViewModel.swift */ = {isa = PBXFileReference; lastKnownFileType = sourcecode.swift; path = LocalFileManagerViewModel.swift; sourceTree = "<group>"; };
		C839A6B82814102D001E95CE /* PinchZoomView.swift */ = {isa = PBXFileReference; lastKnownFileType = sourcecode.swift; path = PinchZoomView.swift; sourceTree = "<group>"; };
		C83DF3FF281926790042226F /* ContentView.swift */ = {isa = PBXFileReference; lastKnownFileType = sourcecode.swift; path = ContentView.swift; sourceTree = "<group>"; };
/* End PBXFileReference section */

/* Begin PBXFrameworksBuildPhase section */
		C815A2B327FEC82C000A9F4A /* Frameworks */ = {
			isa = PBXFrameworksBuildPhase;
			buildActionMask = 2147483647;
			files = (
			);
			runOnlyForDeploymentPostprocessing = 0;
		};
/* End PBXFrameworksBuildPhase section */

/* Begin PBXGroup section */
		C815A2AD27FEC82C000A9F4A = {
			isa = PBXGroup;
			children = (
				C815A2B827FEC82C000A9F4A /* shortcutCodingChallenge */,
				C815A2B727FEC82C000A9F4A /* Products */,
			);
			sourceTree = "<group>";
		};
		C815A2B727FEC82C000A9F4A /* Products */ = {
			isa = PBXGroup;
			children = (
				C815A2B627FEC82C000A9F4A /* shortcutCodingChallenge.app */,
			);
			name = Products;
			sourceTree = "<group>";
		};
		C815A2B827FEC82C000A9F4A /* shortcutCodingChallenge */ = {
			isa = PBXGroup;
			children = (
				C815A2B927FEC82C000A9F4A /* shortcutCodingChallengeApp.swift */,
				C83DF3FF281926790042226F /* ContentView.swift */,
				C83117E928191C5B008B8E29 /* Custom */,
				C815A2C827FEC8CB000A9F4A /* ViewModel */,
				C815A2C927FEC8D5000A9F4A /* View */,
				C815A2C727FEC8BF000A9F4A /* Models */,
				C83117EA28191CA6008B8E29 /* API */,
				C815A2DA280178F9000A9F4A /* DataModel */,
				C815A2BD27FEC82E000A9F4A /* Assets.xcassets */,
				C815A2BF27FEC82E000A9F4A /* Preview Content */,
			);
			path = shortcutCodingChallenge;
			sourceTree = "<group>";
		};
		C815A2BF27FEC82E000A9F4A /* Preview Content */ = {
			isa = PBXGroup;
			children = (
				C815A2C027FEC82E000A9F4A /* Preview Assets.xcassets */,
			);
			path = "Preview Content";
			sourceTree = "<group>";
		};
		C815A2C727FEC8BF000A9F4A /* Models */ = {
			isa = PBXGroup;
			children = (
				C815A2CA27FECA5B000A9F4A /* Comic.swift */,
				C815A2EC28045CA1000A9F4A /* LocalFileManager.swift */,
			);
			path = Models;
			sourceTree = "<group>";
		};
		C815A2C827FEC8CB000A9F4A /* ViewModel */ = {
			isa = PBXGroup;
			children = (
				C815A2BB27FEC82C000A9F4A /* ComicViewModel.swift */,
				C815A2EE2805560A000A9F4A /* LocalFileManagerViewModel.swift */,
			);
			path = ViewModel;
			sourceTree = "<group>";
		};
		C815A2C927FEC8D5000A9F4A /* View */ = {
			isa = PBXGroup;
			children = (
				C815A2CE27FEEE65000A9F4A /* DetailsSheetView.swift */,
				C815A2D027FEF113000A9F4A /* ComicBasicView.swift */,
				C815A2E0280190B7000A9F4A /* FavoritesListView.swift */,
				C815A2E22801A38D000A9F4A /* FavoriteDetailView.swift */,
				C839A6B82814102D001E95CE /* PinchZoomView.swift */,
			);
			path = View;
			sourceTree = "<group>";
		};
		C815A2DA280178F9000A9F4A /* DataModel */ = {
			isa = PBXGroup;
			children = (
				C815A2DB2801793E000A9F4A /* ComicModel.xcdatamodeld */,
				C815A2DE28017979000A9F4A /* DataController.swift */,
			);
			path = DataModel;
			sourceTree = "<group>";
		};
		C83117E928191C5B008B8E29 /* Custom */ = {
			isa = PBXGroup;
			children = (
				C815A2D627FF1E7B000A9F4A /* Colors.swift */,
				C815A2D427FF13F4000A9F4A /* Buttons.swift */,
			);
			path = Custom;
			sourceTree = "<group>";
		};
		C83117EA28191CA6008B8E29 /* API */ = {
			isa = PBXGroup;
			children = (
				C815A2CC27FECBCD000A9F4A /* APIManager.swift */,
			);
			path = API;
			sourceTree = "<group>";
		};
/* End PBXGroup section */

/* Begin PBXNativeTarget section */
		C815A2B527FEC82C000A9F4A /* shortcutCodingChallenge */ = {
			isa = PBXNativeTarget;
			buildConfigurationList = C815A2C427FEC82E000A9F4A /* Build configuration list for PBXNativeTarget "shortcutCodingChallenge" */;
			buildPhases = (
				C815A2B227FEC82C000A9F4A /* Sources */,
				C815A2B327FEC82C000A9F4A /* Frameworks */,
				C815A2B427FEC82C000A9F4A /* Resources */,
			);
			buildRules = (
			);
			dependencies = (
			);
			name = shortcutCodingChallenge;
			productName = shortcutCodingChallenge;
			productReference = C815A2B627FEC82C000A9F4A /* shortcutCodingChallenge.app */;
			productType = "com.apple.product-type.application";
		};
/* End PBXNativeTarget section */

/* Begin PBXProject section */
		C815A2AE27FEC82C000A9F4A /* Project object */ = {
			isa = PBXProject;
			attributes = {
				BuildIndependentTargetsInParallel = 1;
				LastSwiftUpdateCheck = 1330;
				LastUpgradeCheck = 1330;
				TargetAttributes = {
					C815A2B527FEC82C000A9F4A = {
						CreatedOnToolsVersion = 13.3;
					};
				};
			};
			buildConfigurationList = C815A2B127FEC82C000A9F4A /* Build configuration list for PBXProject "shortcutCodingChallenge" */;
			compatibilityVersion = "Xcode 13.0";
			developmentRegion = en;
			hasScannedForEncodings = 0;
			knownRegions = (
				en,
				Base,
			);
			mainGroup = C815A2AD27FEC82C000A9F4A;
			productRefGroup = C815A2B727FEC82C000A9F4A /* Products */;
			projectDirPath = "";
			projectRoot = "";
			targets = (
				C815A2B527FEC82C000A9F4A /* shortcutCodingChallenge */,
			);
		};
/* End PBXProject section */

/* Begin PBXResourcesBuildPhase section */
		C815A2B427FEC82C000A9F4A /* Resources */ = {
			isa = PBXResourcesBuildPhase;
			buildActionMask = 2147483647;
			files = (
				C815A2C127FEC82E000A9F4A /* Preview Assets.xcassets in Resources */,
				C815A2BE27FEC82E000A9F4A /* Assets.xcassets in Resources */,
			);
			runOnlyForDeploymentPostprocessing = 0;
		};
/* End PBXResourcesBuildPhase section */

/* Begin PBXSourcesBuildPhase section */
		C815A2B227FEC82C000A9F4A /* Sources */ = {
			isa = PBXSourcesBuildPhase;
			buildActionMask = 2147483647;
			files = (
				C815A2D527FF13F4000A9F4A /* Buttons.swift in Sources */,
				C815A2D727FF1E7B000A9F4A /* Colors.swift in Sources */,
				C83DF400281926790042226F /* ContentView.swift in Sources */,
				C815A2E32801A38D000A9F4A /* FavoriteDetailView.swift in Sources */,
				C815A2CD27FECBCD000A9F4A /* APIManager.swift in Sources */,
				C815A2BC27FEC82C000A9F4A /* ComicViewModel.swift in Sources */,
				C839A6B92814102D001E95CE /* PinchZoomView.swift in Sources */,
				C815A2CF27FEEE65000A9F4A /* DetailsSheetView.swift in Sources */,
				C815A2ED28045CA1000A9F4A /* LocalFileManager.swift in Sources */,
				C815A2DF28017979000A9F4A /* DataController.swift in Sources */,
				C815A2CB27FECA5B000A9F4A /* Comic.swift in Sources */,
				C815A2BA27FEC82C000A9F4A /* shortcutCodingChallengeApp.swift in Sources */,
				C815A2E1280190B7000A9F4A /* FavoritesListView.swift in Sources */,
				C815A2DD2801793E000A9F4A /* ComicModel.xcdatamodeld in Sources */,
				C815A2EF2805560A000A9F4A /* LocalFileManagerViewModel.swift in Sources */,
				C815A2D127FEF114000A9F4A /* ComicBasicView.swift in Sources */,
			);
			runOnlyForDeploymentPostprocessing = 0;
		};
/* End PBXSourcesBuildPhase section */

/* Begin XCBuildConfiguration section */
		C815A2C227FEC82E000A9F4A /* Debug */ = {
			isa = XCBuildConfiguration;
			buildSettings = {
				ALWAYS_SEARCH_USER_PATHS = NO;
				CLANG_ANALYZER_NONNULL = YES;
				CLANG_ANALYZER_NUMBER_OBJECT_CONVERSION = YES_AGGRESSIVE;
				CLANG_CXX_LANGUAGE_STANDARD = "gnu++17";
				CLANG_ENABLE_MODULES = YES;
				CLANG_ENABLE_OBJC_ARC = YES;
				CLANG_ENABLE_OBJC_WEAK = YES;
				CLANG_WARN_BLOCK_CAPTURE_AUTORELEASING = YES;
				CLANG_WARN_BOOL_CONVERSION = YES;
				CLANG_WARN_COMMA = YES;
				CLANG_WARN_CONSTANT_CONVERSION = YES;
				CLANG_WARN_DEPRECATED_OBJC_IMPLEMENTATIONS = YES;
				CLANG_WARN_DIRECT_OBJC_ISA_USAGE = YES_ERROR;
				CLANG_WARN_DOCUMENTATION_COMMENTS = YES;
				CLANG_WARN_EMPTY_BODY = YES;
				CLANG_WARN_ENUM_CONVERSION = YES;
				CLANG_WARN_INFINITE_RECURSION = YES;
				CLANG_WARN_INT_CONVERSION = YES;
				CLANG_WARN_NON_LITERAL_NULL_CONVERSION = YES;
				CLANG_WARN_OBJC_IMPLICIT_RETAIN_SELF = YES;
				CLANG_WARN_OBJC_LITERAL_CONVERSION = YES;
				CLANG_WARN_OBJC_ROOT_CLASS = YES_ERROR;
				CLANG_WARN_QUOTED_INCLUDE_IN_FRAMEWORK_HEADER = YES;
				CLANG_WARN_RANGE_LOOP_ANALYSIS = YES;
				CLANG_WARN_STRICT_PROTOTYPES = YES;
				CLANG_WARN_SUSPICIOUS_MOVE = YES;
				CLANG_WARN_UNGUARDED_AVAILABILITY = YES_AGGRESSIVE;
				CLANG_WARN_UNREACHABLE_CODE = YES;
				CLANG_WARN__DUPLICATE_METHOD_MATCH = YES;
				COPY_PHASE_STRIP = NO;
				DEBUG_INFORMATION_FORMAT = dwarf;
				ENABLE_STRICT_OBJC_MSGSEND = YES;
				ENABLE_TESTABILITY = YES;
				GCC_C_LANGUAGE_STANDARD = gnu11;
				GCC_DYNAMIC_NO_PIC = NO;
				GCC_NO_COMMON_BLOCKS = YES;
				GCC_OPTIMIZATION_LEVEL = 0;
				GCC_PREPROCESSOR_DEFINITIONS = (
					"DEBUG=1",
					"$(inherited)",
				);
				GCC_WARN_64_TO_32_BIT_CONVERSION = YES;
				GCC_WARN_ABOUT_RETURN_TYPE = YES_ERROR;
				GCC_WARN_UNDECLARED_SELECTOR = YES;
				GCC_WARN_UNINITIALIZED_AUTOS = YES_AGGRESSIVE;
				GCC_WARN_UNUSED_FUNCTION = YES;
				GCC_WARN_UNUSED_VARIABLE = YES;
				IPHONEOS_DEPLOYMENT_TARGET = 15.4;
				MTL_ENABLE_DEBUG_INFO = INCLUDE_SOURCE;
				MTL_FAST_MATH = YES;
				ONLY_ACTIVE_ARCH = YES;
				SDKROOT = iphoneos;
				SWIFT_ACTIVE_COMPILATION_CONDITIONS = DEBUG;
				SWIFT_OPTIMIZATION_LEVEL = "-Onone";
			};
			name = Debug;
		};
		C815A2C327FEC82E000A9F4A /* Release */ = {
			isa = XCBuildConfiguration;
			buildSettings = {
				ALWAYS_SEARCH_USER_PATHS = NO;
				CLANG_ANALYZER_NONNULL = YES;
				CLANG_ANALYZER_NUMBER_OBJECT_CONVERSION = YES_AGGRESSIVE;
				CLANG_CXX_LANGUAGE_STANDARD = "gnu++17";
				CLANG_ENABLE_MODULES = YES;
				CLANG_ENABLE_OBJC_ARC = YES;
				CLANG_ENABLE_OBJC_WEAK = YES;
				CLANG_WARN_BLOCK_CAPTURE_AUTORELEASING = YES;
				CLANG_WARN_BOOL_CONVERSION = YES;
				CLANG_WARN_COMMA = YES;
				CLANG_WARN_CONSTANT_CONVERSION = YES;
				CLANG_WARN_DEPRECATED_OBJC_IMPLEMENTATIONS = YES;
				CLANG_WARN_DIRECT_OBJC_ISA_USAGE = YES_ERROR;
				CLANG_WARN_DOCUMENTATION_COMMENTS = YES;
				CLANG_WARN_EMPTY_BODY = YES;
				CLANG_WARN_ENUM_CONVERSION = YES;
				CLANG_WARN_INFINITE_RECURSION = YES;
				CLANG_WARN_INT_CONVERSION = YES;
				CLANG_WARN_NON_LITERAL_NULL_CONVERSION = YES;
				CLANG_WARN_OBJC_IMPLICIT_RETAIN_SELF = YES;
				CLANG_WARN_OBJC_LITERAL_CONVERSION = YES;
				CLANG_WARN_OBJC_ROOT_CLASS = YES_ERROR;
				CLANG_WARN_QUOTED_INCLUDE_IN_FRAMEWORK_HEADER = YES;
				CLANG_WARN_RANGE_LOOP_ANALYSIS = YES;
				CLANG_WARN_STRICT_PROTOTYPES = YES;
				CLANG_WARN_SUSPICIOUS_MOVE = YES;
				CLANG_WARN_UNGUARDED_AVAILABILITY = YES_AGGRESSIVE;
				CLANG_WARN_UNREACHABLE_CODE = YES;
				CLANG_WARN__DUPLICATE_METHOD_MATCH = YES;
				COPY_PHASE_STRIP = NO;
				DEBUG_INFORMATION_FORMAT = "dwarf-with-dsym";
				ENABLE_NS_ASSERTIONS = NO;
				ENABLE_STRICT_OBJC_MSGSEND = YES;
				GCC_C_LANGUAGE_STANDARD = gnu11;
				GCC_NO_COMMON_BLOCKS = YES;
				GCC_WARN_64_TO_32_BIT_CONVERSION = YES;
				GCC_WARN_ABOUT_RETURN_TYPE = YES_ERROR;
				GCC_WARN_UNDECLARED_SELECTOR = YES;
				GCC_WARN_UNINITIALIZED_AUTOS = YES_AGGRESSIVE;
				GCC_WARN_UNUSED_FUNCTION = YES;
				GCC_WARN_UNUSED_VARIABLE = YES;
				IPHONEOS_DEPLOYMENT_TARGET = 15.4;
				MTL_ENABLE_DEBUG_INFO = NO;
				MTL_FAST_MATH = YES;
				SDKROOT = iphoneos;
				SWIFT_COMPILATION_MODE = wholemodule;
				SWIFT_OPTIMIZATION_LEVEL = "-O";
				VALIDATE_PRODUCT = YES;
			};
			name = Release;
		};
		C815A2C527FEC82E000A9F4A /* Debug */ = {
			isa = XCBuildConfiguration;
			buildSettings = {
				ASSETCATALOG_COMPILER_APPICON_NAME = AppIcon;
				ASSETCATALOG_COMPILER_GLOBAL_ACCENT_COLOR_NAME = AccentColor;
				CODE_SIGN_STYLE = Automatic;
				CURRENT_PROJECT_VERSION = 1;
				DEVELOPMENT_ASSET_PATHS = "\"shortcutCodingChallenge/Preview Content\"";
				DEVELOPMENT_TEAM = 6U4D6Q47G8;
				ENABLE_PREVIEWS = YES;
				GENERATE_INFOPLIST_FILE = YES;
				INFOPLIST_KEY_UIApplicationSceneManifest_Generation = YES;
				INFOPLIST_KEY_UIApplicationSupportsIndirectInputEvents = YES;
				INFOPLIST_KEY_UILaunchScreen_Generation = YES;
				INFOPLIST_KEY_UISupportedInterfaceOrientations = UIInterfaceOrientationPortrait;
				INFOPLIST_KEY_UISupportedInterfaceOrientations_iPad = "UIInterfaceOrientationPortrait UIInterfaceOrientationPortraitUpsideDown";
				INFOPLIST_KEY_UISupportedInterfaceOrientations_iPhone = UIInterfaceOrientationPortrait;
				LD_RUNPATH_SEARCH_PATHS = (
					"$(inherited)",
					"@executable_path/Frameworks",
				);
				MARKETING_VERSION = 1.0;
				PRODUCT_BUNDLE_IDENTIFIER = no.odin.shortcutCodingChallenge;
				PRODUCT_NAME = "$(TARGET_NAME)";
				SWIFT_EMIT_LOC_STRINGS = YES;
				SWIFT_VERSION = 5.0;
				TARGETED_DEVICE_FAMILY = "1,2";
			};
			name = Debug;
		};
		C815A2C627FEC82E000A9F4A /* Release */ = {
			isa = XCBuildConfiguration;
			buildSettings = {
				ASSETCATALOG_COMPILER_APPICON_NAME = AppIcon;
				ASSETCATALOG_COMPILER_GLOBAL_ACCENT_COLOR_NAME = AccentColor;
				CODE_SIGN_STYLE = Automatic;
				CURRENT_PROJECT_VERSION = 1;
				DEVELOPMENT_ASSET_PATHS = "\"shortcutCodingChallenge/Preview Content\"";
				DEVELOPMENT_TEAM = 6U4D6Q47G8;
				ENABLE_PREVIEWS = YES;
				GENERATE_INFOPLIST_FILE = YES;
				INFOPLIST_KEY_UIApplicationSceneManifest_Generation = YES;
				INFOPLIST_KEY_UIApplicationSupportsIndirectInputEvents = YES;
				INFOPLIST_KEY_UILaunchScreen_Generation = YES;
				INFOPLIST_KEY_UISupportedInterfaceOrientations = UIInterfaceOrientationPortrait;
				INFOPLIST_KEY_UISupportedInterfaceOrientations_iPad = "UIInterfaceOrientationPortrait UIInterfaceOrientationPortraitUpsideDown";
				INFOPLIST_KEY_UISupportedInterfaceOrientations_iPhone = UIInterfaceOrientationPortrait;
				LD_RUNPATH_SEARCH_PATHS = (
					"$(inherited)",
					"@executable_path/Frameworks",
				);
				MARKETING_VERSION = 1.0;
				PRODUCT_BUNDLE_IDENTIFIER = no.odin.shortcutCodingChallenge;
				PRODUCT_NAME = "$(TARGET_NAME)";
				SWIFT_EMIT_LOC_STRINGS = YES;
				SWIFT_VERSION = 5.0;
				TARGETED_DEVICE_FAMILY = "1,2";
			};
			name = Release;
		};
/* End XCBuildConfiguration section */

/* Begin XCConfigurationList section */
		C815A2B127FEC82C000A9F4A /* Build configuration list for PBXProject "shortcutCodingChallenge" */ = {
			isa = XCConfigurationList;
			buildConfigurations = (
				C815A2C227FEC82E000A9F4A /* Debug */,
				C815A2C327FEC82E000A9F4A /* Release */,
			);
			defaultConfigurationIsVisible = 0;
			defaultConfigurationName = Release;
		};
		C815A2C427FEC82E000A9F4A /* Build configuration list for PBXNativeTarget "shortcutCodingChallenge" */ = {
			isa = XCConfigurationList;
			buildConfigurations = (
				C815A2C527FEC82E000A9F4A /* Debug */,
				C815A2C627FEC82E000A9F4A /* Release */,
			);
			defaultConfigurationIsVisible = 0;
			defaultConfigurationName = Release;
		};
/* End XCConfigurationList section */

/* Begin XCVersionGroup section */
		C815A2DB2801793E000A9F4A /* ComicModel.xcdatamodeld */ = {
			isa = XCVersionGroup;
			children = (
				C815A2DC2801793E000A9F4A /* ComicModel.xcdatamodel */,
			);
			currentVersion = C815A2DC2801793E000A9F4A /* ComicModel.xcdatamodel */;
			path = ComicModel.xcdatamodeld;
			sourceTree = "<group>";
			versionGroupType = wrapper.xcdatamodel;
		};
/* End XCVersionGroup section */
	};
	rootObject = C815A2AE27FEC82C000A9F4A /* Project object */;
}
